// !$*UTF8*$!
{
	archiveVersion = 1;
	classes = {
	};
	objectVersion = 55;
	objects = {

/* Begin PBXBuildFile section */
		C304D67E27E9D0D000625734 /* KurvxBLEUtils.swift in Sources */ = {isa = PBXBuildFile; fileRef = C304D67D27E9D0D000625734 /* KurvxBLEUtils.swift */; };
		C304D68027E9D17300625734 /* BLEUUIDs.swift in Sources */ = {isa = PBXBuildFile; fileRef = C304D67F27E9D17300625734 /* BLEUUIDs.swift */; };
		C304D68227E9FCE500625734 /* StringExtension.swift in Sources */ = {isa = PBXBuildFile; fileRef = C304D68127E9FCE500625734 /* StringExtension.swift */; };
		C304D68527EA199600625734 /* ScannedKurvx.swift in Sources */ = {isa = PBXBuildFile; fileRef = C304D68427EA199600625734 /* ScannedKurvx.swift */; };
		C304D68827EA2A0C00625734 /* KurvxDiscoveringDelegate.swift in Sources */ = {isa = PBXBuildFile; fileRef = C304D68727EA2A0C00625734 /* KurvxDiscoveringDelegate.swift */; };
		C3438BB527E0986600024910 /* ScanningViewController.swift in Sources */ = {isa = PBXBuildFile; fileRef = C3438BB427E0986600024910 /* ScanningViewController.swift */; };
		C3438BB827E0F61400024910 /* KurvxBLEPeripheralManager.swift in Sources */ = {isa = PBXBuildFile; fileRef = C3438BB727E0F61400024910 /* KurvxBLEPeripheralManager.swift */; };
		C3438BBB27E0FD3100024910 /* KurvxUUIDs.swift in Sources */ = {isa = PBXBuildFile; fileRef = C3438BBA27E0FD3100024910 /* KurvxUUIDs.swift */; };
		C394DF5B27E3771900E60DCE /* KurvxDatabaseManager.swift in Sources */ = {isa = PBXBuildFile; fileRef = C394DF5A27E3771900E60DCE /* KurvxDatabaseManager.swift */; };
		C394DF5D27E3797C00E60DCE /* DatabaseHelper.swift in Sources */ = {isa = PBXBuildFile; fileRef = C394DF5C27E3797C00E60DCE /* DatabaseHelper.swift */; };
		C394DF6027E3854000E60DCE /* StorageUtils.swift in Sources */ = {isa = PBXBuildFile; fileRef = C394DF5F27E3854000E60DCE /* StorageUtils.swift */; };
		C394DF6327E3978A00E60DCE /* KurvxDatabaseTable.swift in Sources */ = {isa = PBXBuildFile; fileRef = C394DF6227E3978A00E60DCE /* KurvxDatabaseTable.swift */; };
		C3B39F8B27CD0CE20080C0B1 /* AppDelegate.swift in Sources */ = {isa = PBXBuildFile; fileRef = C3B39F8A27CD0CE20080C0B1 /* AppDelegate.swift */; };
		C3B39F8D27CD0CE20080C0B1 /* SceneDelegate.swift in Sources */ = {isa = PBXBuildFile; fileRef = C3B39F8C27CD0CE20080C0B1 /* SceneDelegate.swift */; };
		C3B39F8F27CD0CE20080C0B1 /* MainViewController.swift in Sources */ = {isa = PBXBuildFile; fileRef = C3B39F8E27CD0CE20080C0B1 /* MainViewController.swift */; };
		C3B39F9227CD0CE20080C0B1 /* Main.storyboard in Resources */ = {isa = PBXBuildFile; fileRef = C3B39F9027CD0CE20080C0B1 /* Main.storyboard */; };
		C3B39F9427CD0CE30080C0B1 /* Assets.xcassets in Resources */ = {isa = PBXBuildFile; fileRef = C3B39F9327CD0CE30080C0B1 /* Assets.xcassets */; };
		C3B39F9727CD0CE30080C0B1 /* LaunchScreen.storyboard in Resources */ = {isa = PBXBuildFile; fileRef = C3B39F9527CD0CE30080C0B1 /* LaunchScreen.storyboard */; };
		C3B39FA227CD0CE30080C0B1 /* KurvX_testgroundTests.swift in Sources */ = {isa = PBXBuildFile; fileRef = C3B39FA127CD0CE30080C0B1 /* KurvX_testgroundTests.swift */; };
		C3B39FAC27CD0CE30080C0B1 /* KurvX_testgroundUITests.swift in Sources */ = {isa = PBXBuildFile; fileRef = C3B39FAB27CD0CE30080C0B1 /* KurvX_testgroundUITests.swift */; };
		C3B39FAE27CD0CE30080C0B1 /* KurvX_testgroundUITestsLaunchTests.swift in Sources */ = {isa = PBXBuildFile; fileRef = C3B39FAD27CD0CE30080C0B1 /* KurvX_testgroundUITestsLaunchTests.swift */; };
/* End PBXBuildFile section */

/* Begin PBXContainerItemProxy section */
		C3B39F9E27CD0CE30080C0B1 /* PBXContainerItemProxy */ = {
			isa = PBXContainerItemProxy;
			containerPortal = C3B39F7F27CD0CE20080C0B1 /* Project object */;
			proxyType = 1;
			remoteGlobalIDString = C3B39F8627CD0CE20080C0B1;
			remoteInfo = "KurvX testground";
		};
		C3B39FA827CD0CE30080C0B1 /* PBXContainerItemProxy */ = {
			isa = PBXContainerItemProxy;
			containerPortal = C3B39F7F27CD0CE20080C0B1 /* Project object */;
			proxyType = 1;
			remoteGlobalIDString = C3B39F8627CD0CE20080C0B1;
			remoteInfo = "KurvX testground";
		};
/* End PBXContainerItemProxy section */

/* Begin PBXFileReference section */
		C304D67D27E9D0D000625734 /* KurvxBLEUtils.swift */ = {isa = PBXFileReference; lastKnownFileType = sourcecode.swift; path = KurvxBLEUtils.swift; sourceTree = "<group>"; };
		C304D67F27E9D17300625734 /* BLEUUIDs.swift */ = {isa = PBXFileReference; lastKnownFileType = sourcecode.swift; path = BLEUUIDs.swift; sourceTree = "<group>"; };
		C304D68127E9FCE500625734 /* StringExtension.swift */ = {isa = PBXFileReference; lastKnownFileType = sourcecode.swift; path = StringExtension.swift; sourceTree = "<group>"; };
		C304D68427EA199600625734 /* ScannedKurvx.swift */ = {isa = PBXFileReference; lastKnownFileType = sourcecode.swift; path = ScannedKurvx.swift; sourceTree = "<group>"; };
		C304D68727EA2A0C00625734 /* KurvxDiscoveringDelegate.swift */ = {isa = PBXFileReference; lastKnownFileType = sourcecode.swift; path = KurvxDiscoveringDelegate.swift; sourceTree = "<group>"; };
		C3438BB427E0986600024910 /* ScanningViewController.swift */ = {isa = PBXFileReference; lastKnownFileType = sourcecode.swift; path = ScanningViewController.swift; sourceTree = "<group>"; };
		C3438BB727E0F61400024910 /* KurvxBLEPeripheralManager.swift */ = {isa = PBXFileReference; lastKnownFileType = sourcecode.swift; path = KurvxBLEPeripheralManager.swift; sourceTree = "<group>"; };
		C3438BBA27E0FD3100024910 /* KurvxUUIDs.swift */ = {isa = PBXFileReference; lastKnownFileType = sourcecode.swift; path = KurvxUUIDs.swift; sourceTree = "<group>"; };
		C394DF5A27E3771900E60DCE /* KurvxDatabaseManager.swift */ = {isa = PBXFileReference; lastKnownFileType = sourcecode.swift; path = KurvxDatabaseManager.swift; sourceTree = "<group>"; };
		C394DF5C27E3797C00E60DCE /* DatabaseHelper.swift */ = {isa = PBXFileReference; lastKnownFileType = sourcecode.swift; path = DatabaseHelper.swift; sourceTree = "<group>"; };
		C394DF5F27E3854000E60DCE /* StorageUtils.swift */ = {isa = PBXFileReference; lastKnownFileType = sourcecode.swift; path = StorageUtils.swift; sourceTree = "<group>"; };
		C394DF6227E3978A00E60DCE /* KurvxDatabaseTable.swift */ = {isa = PBXFileReference; lastKnownFileType = sourcecode.swift; path = KurvxDatabaseTable.swift; sourceTree = "<group>"; };
		C3B39F8727CD0CE20080C0B1 /* KurvX testground.app */ = {isa = PBXFileReference; explicitFileType = wrapper.application; includeInIndex = 0; path = "KurvX testground.app"; sourceTree = BUILT_PRODUCTS_DIR; };
		C3B39F8A27CD0CE20080C0B1 /* AppDelegate.swift */ = {isa = PBXFileReference; lastKnownFileType = sourcecode.swift; path = AppDelegate.swift; sourceTree = "<group>"; };
		C3B39F8C27CD0CE20080C0B1 /* SceneDelegate.swift */ = {isa = PBXFileReference; lastKnownFileType = sourcecode.swift; path = SceneDelegate.swift; sourceTree = "<group>"; };
		C3B39F8E27CD0CE20080C0B1 /* MainViewController.swift */ = {isa = PBXFileReference; lastKnownFileType = sourcecode.swift; path = MainViewController.swift; sourceTree = "<group>"; };
		C3B39F9127CD0CE20080C0B1 /* Base */ = {isa = PBXFileReference; lastKnownFileType = file.storyboard; name = Base; path = Base.lproj/Main.storyboard; sourceTree = "<group>"; };
		C3B39F9327CD0CE30080C0B1 /* Assets.xcassets */ = {isa = PBXFileReference; lastKnownFileType = folder.assetcatalog; path = Assets.xcassets; sourceTree = "<group>"; };
		C3B39F9627CD0CE30080C0B1 /* Base */ = {isa = PBXFileReference; lastKnownFileType = file.storyboard; name = Base; path = Base.lproj/LaunchScreen.storyboard; sourceTree = "<group>"; };
		C3B39F9827CD0CE30080C0B1 /* Info.plist */ = {isa = PBXFileReference; lastKnownFileType = text.plist.xml; path = Info.plist; sourceTree = "<group>"; };
		C3B39F9D27CD0CE30080C0B1 /* KurvX testgroundTests.xctest */ = {isa = PBXFileReference; explicitFileType = wrapper.cfbundle; includeInIndex = 0; path = "KurvX testgroundTests.xctest"; sourceTree = BUILT_PRODUCTS_DIR; };
		C3B39FA127CD0CE30080C0B1 /* KurvX_testgroundTests.swift */ = {isa = PBXFileReference; lastKnownFileType = sourcecode.swift; path = KurvX_testgroundTests.swift; sourceTree = "<group>"; };
		C3B39FA727CD0CE30080C0B1 /* KurvX testgroundUITests.xctest */ = {isa = PBXFileReference; explicitFileType = wrapper.cfbundle; includeInIndex = 0; path = "KurvX testgroundUITests.xctest"; sourceTree = BUILT_PRODUCTS_DIR; };
		C3B39FAB27CD0CE30080C0B1 /* KurvX_testgroundUITests.swift */ = {isa = PBXFileReference; lastKnownFileType = sourcecode.swift; path = KurvX_testgroundUITests.swift; sourceTree = "<group>"; };
		C3B39FAD27CD0CE30080C0B1 /* KurvX_testgroundUITestsLaunchTests.swift */ = {isa = PBXFileReference; lastKnownFileType = sourcecode.swift; path = KurvX_testgroundUITestsLaunchTests.swift; sourceTree = "<group>"; };
/* End PBXFileReference section */

/* Begin PBXFrameworksBuildPhase section */
		C3B39F8427CD0CE20080C0B1 /* Frameworks */ = {
			isa = PBXFrameworksBuildPhase;
			buildActionMask = 2147483647;
			files = (
			);
			runOnlyForDeploymentPostprocessing = 0;
		};
		C3B39F9A27CD0CE30080C0B1 /* Frameworks */ = {
			isa = PBXFrameworksBuildPhase;
			buildActionMask = 2147483647;
			files = (
			);
			runOnlyForDeploymentPostprocessing = 0;
		};
		C3B39FA427CD0CE30080C0B1 /* Frameworks */ = {
			isa = PBXFrameworksBuildPhase;
			buildActionMask = 2147483647;
			files = (
			);
			runOnlyForDeploymentPostprocessing = 0;
		};
/* End PBXFrameworksBuildPhase section */

/* Begin PBXGroup section */
		C304D68327EA197800625734 /* Model */ = {
			isa = PBXGroup;
			children = (
				C304D68427EA199600625734 /* ScannedKurvx.swift */,
			);
			path = Model;
			sourceTree = "<group>";
		};
		C304D68627EA29D400625734 /* Protocols */ = {
			isa = PBXGroup;
			children = (
				C304D68727EA2A0C00625734 /* KurvxDiscoveringDelegate.swift */,
			);
			path = Protocols;
			sourceTree = "<group>";
		};
		C3438BB227E0977900024910 /* View */ = {
			isa = PBXGroup;
			children = (
				C3B39F9027CD0CE20080C0B1 /* Main.storyboard */,
				C3B39F9527CD0CE30080C0B1 /* LaunchScreen.storyboard */,
			);
			path = View;
			sourceTree = "<group>";
		};
		C3438BB327E0979B00024910 /* Controllers */ = {
			isa = PBXGroup;
			children = (
				C3B39F8E27CD0CE20080C0B1 /* MainViewController.swift */,
				C3438BB427E0986600024910 /* ScanningViewController.swift */,
			);
			path = Controllers;
			sourceTree = "<group>";
		};
		C3438BB627E0F5E200024910 /* KurvxManager */ = {
			isa = PBXGroup;
			children = (
				C3438BB727E0F61400024910 /* KurvxBLEPeripheralManager.swift */,
				C394DF5A27E3771900E60DCE /* KurvxDatabaseManager.swift */,
			);
			path = KurvxManager;
			sourceTree = "<group>";
		};
		C3438BB927E0FD0E00024910 /* Helper */ = {
			isa = PBXGroup;
			children = (
				C3438BBA27E0FD3100024910 /* KurvxUUIDs.swift */,
				C394DF5C27E3797C00E60DCE /* DatabaseHelper.swift */,
				C304D67F27E9D17300625734 /* BLEUUIDs.swift */,
			);
			path = Helper;
			sourceTree = "<group>";
		};
		C394DF5E27E3852F00E60DCE /* Utils */ = {
			isa = PBXGroup;
			children = (
				C304D67D27E9D0D000625734 /* KurvxBLEUtils.swift */,
				C394DF5F27E3854000E60DCE /* StorageUtils.swift */,
				C304D68127E9FCE500625734 /* StringExtension.swift */,
			);
			path = Utils;
			sourceTree = "<group>";
		};
		C394DF6127E3975800E60DCE /* Database */ = {
			isa = PBXGroup;
			children = (
				C394DF6227E3978A00E60DCE /* KurvxDatabaseTable.swift */,
			);
			path = Database;
			sourceTree = "<group>";
		};
		C3B39F7E27CD0CE20080C0B1 = {
			isa = PBXGroup;
			children = (
				C3B39F8927CD0CE20080C0B1 /* KurvX testground */,
				C3B39FA027CD0CE30080C0B1 /* KurvX testgroundTests */,
				C3B39FAA27CD0CE30080C0B1 /* KurvX testgroundUITests */,
				C3B39F8827CD0CE20080C0B1 /* Products */,
			);
			sourceTree = "<group>";
		};
		C3B39F8827CD0CE20080C0B1 /* Products */ = {
			isa = PBXGroup;
			children = (
				C3B39F8727CD0CE20080C0B1 /* KurvX testground.app */,
				C3B39F9D27CD0CE30080C0B1 /* KurvX testgroundTests.xctest */,
				C3B39FA727CD0CE30080C0B1 /* KurvX testgroundUITests.xctest */,
			);
			name = Products;
			sourceTree = "<group>";
		};
		C3B39F8927CD0CE20080C0B1 /* KurvX testground */ = {
			isa = PBXGroup;
			children = (
				C304D68627EA29D400625734 /* Protocols */,
				C304D68327EA197800625734 /* Model */,
				C394DF6127E3975800E60DCE /* Database */,
				C394DF5E27E3852F00E60DCE /* Utils */,
				C3438BB927E0FD0E00024910 /* Helper */,
				C3438BB627E0F5E200024910 /* KurvxManager */,
				C3438BB327E0979B00024910 /* Controllers */,
				C3438BB227E0977900024910 /* View */,
				C3B39F9827CD0CE30080C0B1 /* Info.plist */,
				C3B39F9327CD0CE30080C0B1 /* Assets.xcassets */,
				C3B39F8C27CD0CE20080C0B1 /* SceneDelegate.swift */,
				C3B39F8A27CD0CE20080C0B1 /* AppDelegate.swift */,
			);
			path = "KurvX testground";
			sourceTree = "<group>";
		};
		C3B39FA027CD0CE30080C0B1 /* KurvX testgroundTests */ = {
			isa = PBXGroup;
			children = (
				C3B39FA127CD0CE30080C0B1 /* KurvX_testgroundTests.swift */,
			);
			path = "KurvX testgroundTests";
			sourceTree = "<group>";
		};
		C3B39FAA27CD0CE30080C0B1 /* KurvX testgroundUITests */ = {
			isa = PBXGroup;
			children = (
				C3B39FAB27CD0CE30080C0B1 /* KurvX_testgroundUITests.swift */,
				C3B39FAD27CD0CE30080C0B1 /* KurvX_testgroundUITestsLaunchTests.swift */,
			);
			path = "KurvX testgroundUITests";
			sourceTree = "<group>";
		};
/* End PBXGroup section */

/* Begin PBXNativeTarget section */
		C3B39F8627CD0CE20080C0B1 /* KurvX testground */ = {
			isa = PBXNativeTarget;
			buildConfigurationList = C3B39FB127CD0CE30080C0B1 /* Build configuration list for PBXNativeTarget "KurvX testground" */;
			buildPhases = (
				C3B39F8327CD0CE20080C0B1 /* Sources */,
				C3B39F8427CD0CE20080C0B1 /* Frameworks */,
				C3B39F8527CD0CE20080C0B1 /* Resources */,
			);
			buildRules = (
			);
			dependencies = (
			);
			name = "KurvX testground";
			productName = "KurvX testground";
			productReference = C3B39F8727CD0CE20080C0B1 /* KurvX testground.app */;
			productType = "com.apple.product-type.application";
		};
		C3B39F9C27CD0CE30080C0B1 /* KurvX testgroundTests */ = {
			isa = PBXNativeTarget;
			buildConfigurationList = C3B39FB427CD0CE30080C0B1 /* Build configuration list for PBXNativeTarget "KurvX testgroundTests" */;
			buildPhases = (
				C3B39F9927CD0CE30080C0B1 /* Sources */,
				C3B39F9A27CD0CE30080C0B1 /* Frameworks */,
				C3B39F9B27CD0CE30080C0B1 /* Resources */,
			);
			buildRules = (
			);
			dependencies = (
				C3B39F9F27CD0CE30080C0B1 /* PBXTargetDependency */,
			);
			name = "KurvX testgroundTests";
			productName = "KurvX testgroundTests";
			productReference = C3B39F9D27CD0CE30080C0B1 /* KurvX testgroundTests.xctest */;
			productType = "com.apple.product-type.bundle.unit-test";
		};
		C3B39FA627CD0CE30080C0B1 /* KurvX testgroundUITests */ = {
			isa = PBXNativeTarget;
			buildConfigurationList = C3B39FB727CD0CE30080C0B1 /* Build configuration list for PBXNativeTarget "KurvX testgroundUITests" */;
			buildPhases = (
				C3B39FA327CD0CE30080C0B1 /* Sources */,
				C3B39FA427CD0CE30080C0B1 /* Frameworks */,
				C3B39FA527CD0CE30080C0B1 /* Resources */,
			);
			buildRules = (
			);
			dependencies = (
				C3B39FA927CD0CE30080C0B1 /* PBXTargetDependency */,
			);
			name = "KurvX testgroundUITests";
			productName = "KurvX testgroundUITests";
			productReference = C3B39FA727CD0CE30080C0B1 /* KurvX testgroundUITests.xctest */;
			productType = "com.apple.product-type.bundle.ui-testing";
		};
/* End PBXNativeTarget section */

/* Begin PBXProject section */
		C3B39F7F27CD0CE20080C0B1 /* Project object */ = {
			isa = PBXProject;
			attributes = {
				BuildIndependentTargetsInParallel = 1;
				LastSwiftUpdateCheck = 1320;
				LastUpgradeCheck = 1320;
				TargetAttributes = {
					C3B39F8627CD0CE20080C0B1 = {
						CreatedOnToolsVersion = 13.2.1;
					};
					C3B39F9C27CD0CE30080C0B1 = {
						CreatedOnToolsVersion = 13.2.1;
						TestTargetID = C3B39F8627CD0CE20080C0B1;
					};
					C3B39FA627CD0CE30080C0B1 = {
						CreatedOnToolsVersion = 13.2.1;
						TestTargetID = C3B39F8627CD0CE20080C0B1;
					};
				};
			};
			buildConfigurationList = C3B39F8227CD0CE20080C0B1 /* Build configuration list for PBXProject "KurvX testground" */;
			compatibilityVersion = "Xcode 13.0";
			developmentRegion = en;
			hasScannedForEncodings = 0;
			knownRegions = (
				en,
				Base,
			);
			mainGroup = C3B39F7E27CD0CE20080C0B1;
			productRefGroup = C3B39F8827CD0CE20080C0B1 /* Products */;
			projectDirPath = "";
			projectRoot = "";
			targets = (
				C3B39F8627CD0CE20080C0B1 /* KurvX testground */,
				C3B39F9C27CD0CE30080C0B1 /* KurvX testgroundTests */,
				C3B39FA627CD0CE30080C0B1 /* KurvX testgroundUITests */,
			);
		};
/* End PBXProject section */

/* Begin PBXResourcesBuildPhase section */
		C3B39F8527CD0CE20080C0B1 /* Resources */ = {
			isa = PBXResourcesBuildPhase;
			buildActionMask = 2147483647;
			files = (
				C3B39F9727CD0CE30080C0B1 /* LaunchScreen.storyboard in Resources */,
				C3B39F9427CD0CE30080C0B1 /* Assets.xcassets in Resources */,
				C3B39F9227CD0CE20080C0B1 /* Main.storyboard in Resources */,
			);
			runOnlyForDeploymentPostprocessing = 0;
		};
		C3B39F9B27CD0CE30080C0B1 /* Resources */ = {
			isa = PBXResourcesBuildPhase;
			buildActionMask = 2147483647;
			files = (
			);
			runOnlyForDeploymentPostprocessing = 0;
		};
		C3B39FA527CD0CE30080C0B1 /* Resources */ = {
			isa = PBXResourcesBuildPhase;
			buildActionMask = 2147483647;
			files = (
			);
			runOnlyForDeploymentPostprocessing = 0;
		};
/* End PBXResourcesBuildPhase section */

/* Begin PBXSourcesBuildPhase section */
		C3B39F8327CD0CE20080C0B1 /* Sources */ = {
			isa = PBXSourcesBuildPhase;
			buildActionMask = 2147483647;
			files = (
				C3B39F8F27CD0CE20080C0B1 /* MainViewController.swift in Sources */,
				C3B39F8B27CD0CE20080C0B1 /* AppDelegate.swift in Sources */,
				C3B39F8D27CD0CE20080C0B1 /* SceneDelegate.swift in Sources */,
				C304D68527EA199600625734 /* ScannedKurvx.swift in Sources */,
				C394DF6027E3854000E60DCE /* StorageUtils.swift in Sources */,
				C3438BB527E0986600024910 /* ScanningViewController.swift in Sources */,
				C304D68827EA2A0C00625734 /* KurvxDiscoveringDelegate.swift in Sources */,
				C394DF5D27E3797C00E60DCE /* DatabaseHelper.swift in Sources */,
				C304D68027E9D17300625734 /* BLEUUIDs.swift in Sources */,
				C394DF6327E3978A00E60DCE /* KurvxDatabaseTable.swift in Sources */,
				C304D67E27E9D0D000625734 /* KurvxBLEUtils.swift in Sources */,
				C394DF5B27E3771900E60DCE /* KurvxDatabaseManager.swift in Sources */,
				C3438BB827E0F61400024910 /* KurvxBLEPeripheralManager.swift in Sources */,
				C304D68227E9FCE500625734 /* StringExtension.swift in Sources */,
				C3438BBB27E0FD3100024910 /* KurvxUUIDs.swift in Sources */,
			);
			runOnlyForDeploymentPostprocessing = 0;
		};
		C3B39F9927CD0CE30080C0B1 /* Sources */ = {
			isa = PBXSourcesBuildPhase;
			buildActionMask = 2147483647;
			files = (
				C3B39FA227CD0CE30080C0B1 /* KurvX_testgroundTests.swift in Sources */,
			);
			runOnlyForDeploymentPostprocessing = 0;
		};
		C3B39FA327CD0CE30080C0B1 /* Sources */ = {
			isa = PBXSourcesBuildPhase;
			buildActionMask = 2147483647;
			files = (
				C3B39FAE27CD0CE30080C0B1 /* KurvX_testgroundUITestsLaunchTests.swift in Sources */,
				C3B39FAC27CD0CE30080C0B1 /* KurvX_testgroundUITests.swift in Sources */,
			);
			runOnlyForDeploymentPostprocessing = 0;
		};
/* End PBXSourcesBuildPhase section */

/* Begin PBXTargetDependency section */
		C3B39F9F27CD0CE30080C0B1 /* PBXTargetDependency */ = {
			isa = PBXTargetDependency;
			target = C3B39F8627CD0CE20080C0B1 /* KurvX testground */;
			targetProxy = C3B39F9E27CD0CE30080C0B1 /* PBXContainerItemProxy */;
		};
		C3B39FA927CD0CE30080C0B1 /* PBXTargetDependency */ = {
			isa = PBXTargetDependency;
			target = C3B39F8627CD0CE20080C0B1 /* KurvX testground */;
			targetProxy = C3B39FA827CD0CE30080C0B1 /* PBXContainerItemProxy */;
		};
/* End PBXTargetDependency section */

/* Begin PBXVariantGroup section */
		C3B39F9027CD0CE20080C0B1 /* Main.storyboard */ = {
			isa = PBXVariantGroup;
			children = (
				C3B39F9127CD0CE20080C0B1 /* Base */,
			);
			name = Main.storyboard;
			sourceTree = "<group>";
		};
		C3B39F9527CD0CE30080C0B1 /* LaunchScreen.storyboard */ = {
			isa = PBXVariantGroup;
			children = (
				C3B39F9627CD0CE30080C0B1 /* Base */,
			);
			name = LaunchScreen.storyboard;
			sourceTree = "<group>";
		};
/* End PBXVariantGroup section */

/* Begin XCBuildConfiguration section */
		C3B39FAF27CD0CE30080C0B1 /* Debug */ = {
			isa = XCBuildConfiguration;
			buildSettings = {
				ALWAYS_SEARCH_USER_PATHS = NO;
				CLANG_ANALYZER_NONNULL = YES;
				CLANG_ANALYZER_NUMBER_OBJECT_CONVERSION = YES_AGGRESSIVE;
				CLANG_CXX_LANGUAGE_STANDARD = "gnu++17";
				CLANG_CXX_LIBRARY = "libc++";
				CLANG_ENABLE_MODULES = YES;
				CLANG_ENABLE_OBJC_ARC = YES;
				CLANG_ENABLE_OBJC_WEAK = YES;
				CLANG_WARN_BLOCK_CAPTURE_AUTORELEASING = YES;
				CLANG_WARN_BOOL_CONVERSION = YES;
				CLANG_WARN_COMMA = YES;
				CLANG_WARN_CONSTANT_CONVERSION = YES;
				CLANG_WARN_DEPRECATED_OBJC_IMPLEMENTATIONS = YES;
				CLANG_WARN_DIRECT_OBJC_ISA_USAGE = YES_ERROR;
				CLANG_WARN_DOCUMENTATION_COMMENTS = YES;
				CLANG_WARN_EMPTY_BODY = YES;
				CLANG_WARN_ENUM_CONVERSION = YES;
				CLANG_WARN_INFINITE_RECURSION = YES;
				CLANG_WARN_INT_CONVERSION = YES;
				CLANG_WARN_NON_LITERAL_NULL_CONVERSION = YES;
				CLANG_WARN_OBJC_IMPLICIT_RETAIN_SELF = YES;
				CLANG_WARN_OBJC_LITERAL_CONVERSION = YES;
				CLANG_WARN_OBJC_ROOT_CLASS = YES_ERROR;
				CLANG_WARN_QUOTED_INCLUDE_IN_FRAMEWORK_HEADER = YES;
				CLANG_WARN_RANGE_LOOP_ANALYSIS = YES;
				CLANG_WARN_STRICT_PROTOTYPES = YES;
				CLANG_WARN_SUSPICIOUS_MOVE = YES;
				CLANG_WARN_UNGUARDED_AVAILABILITY = YES_AGGRESSIVE;
				CLANG_WARN_UNREACHABLE_CODE = YES;
				CLANG_WARN__DUPLICATE_METHOD_MATCH = YES;
				COPY_PHASE_STRIP = NO;
				DEBUG_INFORMATION_FORMAT = dwarf;
				ENABLE_STRICT_OBJC_MSGSEND = YES;
				ENABLE_TESTABILITY = YES;
				GCC_C_LANGUAGE_STANDARD = gnu11;
				GCC_DYNAMIC_NO_PIC = NO;
				GCC_NO_COMMON_BLOCKS = YES;
				GCC_OPTIMIZATION_LEVEL = 0;
				GCC_PREPROCESSOR_DEFINITIONS = (
					"DEBUG=1",
					"$(inherited)",
				);
				GCC_WARN_64_TO_32_BIT_CONVERSION = YES;
				GCC_WARN_ABOUT_RETURN_TYPE = YES_ERROR;
				GCC_WARN_UNDECLARED_SELECTOR = YES;
				GCC_WARN_UNINITIALIZED_AUTOS = YES_AGGRESSIVE;
				GCC_WARN_UNUSED_FUNCTION = YES;
				GCC_WARN_UNUSED_VARIABLE = YES;
				IPHONEOS_DEPLOYMENT_TARGET = 15.2;
				MTL_ENABLE_DEBUG_INFO = INCLUDE_SOURCE;
				MTL_FAST_MATH = YES;
				ONLY_ACTIVE_ARCH = YES;
				SDKROOT = iphoneos;
				SWIFT_ACTIVE_COMPILATION_CONDITIONS = DEBUG;
				SWIFT_OPTIMIZATION_LEVEL = "-Onone";
			};
			name = Debug;
		};
		C3B39FB027CD0CE30080C0B1 /* Release */ = {
			isa = XCBuildConfiguration;
			buildSettings = {
				ALWAYS_SEARCH_USER_PATHS = NO;
				CLANG_ANALYZER_NONNULL = YES;
				CLANG_ANALYZER_NUMBER_OBJECT_CONVERSION = YES_AGGRESSIVE;
				CLANG_CXX_LANGUAGE_STANDARD = "gnu++17";
				CLANG_CXX_LIBRARY = "libc++";
				CLANG_ENABLE_MODULES = YES;
				CLANG_ENABLE_OBJC_ARC = YES;
				CLANG_ENABLE_OBJC_WEAK = YES;
				CLANG_WARN_BLOCK_CAPTURE_AUTORELEASING = YES;
				CLANG_WARN_BOOL_CONVERSION = YES;
				CLANG_WARN_COMMA = YES;
				CLANG_WARN_CONSTANT_CONVERSION = YES;
				CLANG_WARN_DEPRECATED_OBJC_IMPLEMENTATIONS = YES;
				CLANG_WARN_DIRECT_OBJC_ISA_USAGE = YES_ERROR;
				CLANG_WARN_DOCUMENTATION_COMMENTS = YES;
				CLANG_WARN_EMPTY_BODY = YES;
				CLANG_WARN_ENUM_CONVERSION = YES;
				CLANG_WARN_INFINITE_RECURSION = YES;
				CLANG_WARN_INT_CONVERSION = YES;
				CLANG_WARN_NON_LITERAL_NULL_CONVERSION = YES;
				CLANG_WARN_OBJC_IMPLICIT_RETAIN_SELF = YES;
				CLANG_WARN_OBJC_LITERAL_CONVERSION = YES;
				CLANG_WARN_OBJC_ROOT_CLASS = YES_ERROR;
				CLANG_WARN_QUOTED_INCLUDE_IN_FRAMEWORK_HEADER = YES;
				CLANG_WARN_RANGE_LOOP_ANALYSIS = YES;
				CLANG_WARN_STRICT_PROTOTYPES = YES;
				CLANG_WARN_SUSPICIOUS_MOVE = YES;
				CLANG_WARN_UNGUARDED_AVAILABILITY = YES_AGGRESSIVE;
				CLANG_WARN_UNREACHABLE_CODE = YES;
				CLANG_WARN__DUPLICATE_METHOD_MATCH = YES;
				COPY_PHASE_STRIP = NO;
				DEBUG_INFORMATION_FORMAT = "dwarf-with-dsym";
				ENABLE_NS_ASSERTIONS = NO;
				ENABLE_STRICT_OBJC_MSGSEND = YES;
				GCC_C_LANGUAGE_STANDARD = gnu11;
				GCC_NO_COMMON_BLOCKS = YES;
				GCC_WARN_64_TO_32_BIT_CONVERSION = YES;
				GCC_WARN_ABOUT_RETURN_TYPE = YES_ERROR;
				GCC_WARN_UNDECLARED_SELECTOR = YES;
				GCC_WARN_UNINITIALIZED_AUTOS = YES_AGGRESSIVE;
				GCC_WARN_UNUSED_FUNCTION = YES;
				GCC_WARN_UNUSED_VARIABLE = YES;
				IPHONEOS_DEPLOYMENT_TARGET = 15.2;
				MTL_ENABLE_DEBUG_INFO = NO;
				MTL_FAST_MATH = YES;
				SDKROOT = iphoneos;
				SWIFT_COMPILATION_MODE = wholemodule;
				SWIFT_OPTIMIZATION_LEVEL = "-O";
				VALIDATE_PRODUCT = YES;
			};
			name = Release;
		};
		C3B39FB227CD0CE30080C0B1 /* Debug */ = {
			isa = XCBuildConfiguration;
			buildSettings = {
				ASSETCATALOG_COMPILER_APPICON_NAME = AppIcon;
				ASSETCATALOG_COMPILER_GLOBAL_ACCENT_COLOR_NAME = AccentColor;
				CODE_SIGN_STYLE = Automatic;
				CURRENT_PROJECT_VERSION = 1;
				DEVELOPMENT_TEAM = 3HLCB73YRR;
				GENERATE_INFOPLIST_FILE = YES;
				INFOPLIST_FILE = "KurvX testground/Info.plist";
				INFOPLIST_KEY_UIApplicationSupportsIndirectInputEvents = YES;
				INFOPLIST_KEY_UILaunchStoryboardName = LaunchScreen;
				INFOPLIST_KEY_UIMainStoryboardFile = Main;
				INFOPLIST_KEY_UISupportedInterfaceOrientations = UIInterfaceOrientationPortrait;
				INFOPLIST_KEY_UISupportedInterfaceOrientations_iPad = "UIInterfaceOrientationPortrait UIInterfaceOrientationPortraitUpsideDown UIInterfaceOrientationLandscapeLeft UIInterfaceOrientationLandscapeRight";
				INFOPLIST_KEY_UISupportedInterfaceOrientations_iPhone = "UIInterfaceOrientationPortrait UIInterfaceOrientationLandscapeLeft UIInterfaceOrientationLandscapeRight";
				IPHONEOS_DEPLOYMENT_TARGET = 13.0;
				LD_RUNPATH_SEARCH_PATHS = (
					"$(inherited)",
					"@executable_path/Frameworks",
				);
				MARKETING_VERSION = 1.0;
				PRODUCT_BUNDLE_IDENTIFIER = "gmbh.xlog.KurvX-testground";
				PRODUCT_NAME = "$(TARGET_NAME)";
				SWIFT_EMIT_LOC_STRINGS = YES;
				SWIFT_VERSION = 5.0;
				TARGETED_DEVICE_FAMILY = "1,2";
			};
			name = Debug;
		};
		C3B39FB327CD0CE30080C0B1 /* Release */ = {
			isa = XCBuildConfiguration;
			buildSettings = {
				ASSETCATALOG_COMPILER_APPICON_NAME = AppIcon;
				ASSETCATALOG_COMPILER_GLOBAL_ACCENT_COLOR_NAME = AccentColor;
				CODE_SIGN_STYLE = Automatic;
				CURRENT_PROJECT_VERSION = 1;
				DEVELOPMENT_TEAM = 3HLCB73YRR;
				GENERATE_INFOPLIST_FILE = YES;
				INFOPLIST_FILE = "KurvX testground/Info.plist";
				INFOPLIST_KEY_UIApplicationSupportsIndirectInputEvents = YES;
				INFOPLIST_KEY_UILaunchStoryboardName = LaunchScreen;
				INFOPLIST_KEY_UIMainStoryboardFile = Main;
				INFOPLIST_KEY_UISupportedInterfaceOrientations = UIInterfaceOrientationPortrait;
				INFOPLIST_KEY_UISupportedInterfaceOrientations_iPad = "UIInterfaceOrientationPortrait UIInterfaceOrientationPortraitUpsideDown UIInterfaceOrientationLandscapeLeft UIInterfaceOrientationLandscapeRight";
				INFOPLIST_KEY_UISupportedInterfaceOrientations_iPhone = "UIInterfaceOrientationPortrait UIInterfaceOrientationLandscapeLeft UIInterfaceOrientationLandscapeRight";
				IPHONEOS_DEPLOYMENT_TARGET = 13.0;
				LD_RUNPATH_SEARCH_PATHS = (
					"$(inherited)",
					"@executable_path/Frameworks",
				);
				MARKETING_VERSION = 1.0;
				PRODUCT_BUNDLE_IDENTIFIER = "gmbh.xlog.KurvX-testground";
				PRODUCT_NAME = "$(TARGET_NAME)";
				SWIFT_EMIT_LOC_STRINGS = YES;
				SWIFT_VERSION = 5.0;
				TARGETED_DEVICE_FAMILY = "1,2";
			};
			name = Release;
		};
		C3B39FB527CD0CE30080C0B1 /* Debug */ = {
			isa = XCBuildConfiguration;
			buildSettings = {
				ALWAYS_EMBED_SWIFT_STANDARD_LIBRARIES = YES;
				BUNDLE_LOADER = "$(TEST_HOST)";
				CODE_SIGN_STYLE = Automatic;
				CURRENT_PROJECT_VERSION = 1;
				DEVELOPMENT_TEAM = 3HLCB73YRR;
				GENERATE_INFOPLIST_FILE = YES;
				IPHONEOS_DEPLOYMENT_TARGET = 15.2;
				MARKETING_VERSION = 1.0;
				PRODUCT_BUNDLE_IDENTIFIER = "gmbh.xlog.KurvX-testgroundTests";
				PRODUCT_NAME = "$(TARGET_NAME)";
				SWIFT_EMIT_LOC_STRINGS = NO;
				SWIFT_VERSION = 5.0;
				TARGETED_DEVICE_FAMILY = "1,2";
				TEST_HOST = "$(BUILT_PRODUCTS_DIR)/KurvX testground.app/KurvX testground";
			};
			name = Debug;
		};
		C3B39FB627CD0CE30080C0B1 /* Release */ = {
			isa = XCBuildConfiguration;
			buildSettings = {
				ALWAYS_EMBED_SWIFT_STANDARD_LIBRARIES = YES;
				BUNDLE_LOADER = "$(TEST_HOST)";
				CODE_SIGN_STYLE = Automatic;
				CURRENT_PROJECT_VERSION = 1;
				DEVELOPMENT_TEAM = 3HLCB73YRR;
				GENERATE_INFOPLIST_FILE = YES;
				IPHONEOS_DEPLOYMENT_TARGET = 15.2;
				MARKETING_VERSION = 1.0;
				PRODUCT_BUNDLE_IDENTIFIER = "gmbh.xlog.KurvX-testgroundTests";
				PRODUCT_NAME = "$(TARGET_NAME)";
				SWIFT_EMIT_LOC_STRINGS = NO;
				SWIFT_VERSION = 5.0;
				TARGETED_DEVICE_FAMILY = "1,2";
				TEST_HOST = "$(BUILT_PRODUCTS_DIR)/KurvX testground.app/KurvX testground";
			};
			name = Release;
		};
		C3B39FB827CD0CE30080C0B1 /* Debug */ = {
			isa = XCBuildConfiguration;
			buildSettings = {
				ALWAYS_EMBED_SWIFT_STANDARD_LIBRARIES = YES;
				CODE_SIGN_STYLE = Automatic;
				CURRENT_PROJECT_VERSION = 1;
				DEVELOPMENT_TEAM = 3HLCB73YRR;
				GENERATE_INFOPLIST_FILE = YES;
				MARKETING_VERSION = 1.0;
				PRODUCT_BUNDLE_IDENTIFIER = "gmbh.xlog.KurvX-testgroundUITests";
				PRODUCT_NAME = "$(TARGET_NAME)";
				SWIFT_EMIT_LOC_STRINGS = NO;
				SWIFT_VERSION = 5.0;
				TARGETED_DEVICE_FAMILY = "1,2";
				TEST_TARGET_NAME = "KurvX testground";
			};
			name = Debug;
		};
		C3B39FB927CD0CE30080C0B1 /* Release */ = {
			isa = XCBuildConfiguration;
			buildSettings = {
				ALWAYS_EMBED_SWIFT_STANDARD_LIBRARIES = YES;
				CODE_SIGN_STYLE = Automatic;
				CURRENT_PROJECT_VERSION = 1;
				DEVELOPMENT_TEAM = 3HLCB73YRR;
				GENERATE_INFOPLIST_FILE = YES;
				MARKETING_VERSION = 1.0;
				PRODUCT_BUNDLE_IDENTIFIER = "gmbh.xlog.KurvX-testgroundUITests";
				PRODUCT_NAME = "$(TARGET_NAME)";
				SWIFT_EMIT_LOC_STRINGS = NO;
				SWIFT_VERSION = 5.0;
				TARGETED_DEVICE_FAMILY = "1,2";
				TEST_TARGET_NAME = "KurvX testground";
			};
			name = Release;
		};
/* End XCBuildConfiguration section */

/* Begin XCConfigurationList section */
		C3B39F8227CD0CE20080C0B1 /* Build configuration list for PBXProject "KurvX testground" */ = {
			isa = XCConfigurationList;
			buildConfigurations = (
				C3B39FAF27CD0CE30080C0B1 /* Debug */,
				C3B39FB027CD0CE30080C0B1 /* Release */,
			);
			defaultConfigurationIsVisible = 0;
			defaultConfigurationName = Release;
		};
		C3B39FB127CD0CE30080C0B1 /* Build configuration list for PBXNativeTarget "KurvX testground" */ = {
			isa = XCConfigurationList;
			buildConfigurations = (
				C3B39FB227CD0CE30080C0B1 /* Debug */,
				C3B39FB327CD0CE30080C0B1 /* Release */,
			);
			defaultConfigurationIsVisible = 0;
			defaultConfigurationName = Release;
		};
		C3B39FB427CD0CE30080C0B1 /* Build configuration list for PBXNativeTarget "KurvX testgroundTests" */ = {
			isa = XCConfigurationList;
			buildConfigurations = (
				C3B39FB527CD0CE30080C0B1 /* Debug */,
				C3B39FB627CD0CE30080C0B1 /* Release */,
			);
			defaultConfigurationIsVisible = 0;
			defaultConfigurationName = Release;
		};
		C3B39FB727CD0CE30080C0B1 /* Build configuration list for PBXNativeTarget "KurvX testgroundUITests" */ = {
			isa = XCConfigurationList;
			buildConfigurations = (
				C3B39FB827CD0CE30080C0B1 /* Debug */,
				C3B39FB927CD0CE30080C0B1 /* Release */,
			);
			defaultConfigurationIsVisible = 0;
			defaultConfigurationName = Release;
		};
/* End XCConfigurationList section */
	};
	rootObject = C3B39F7F27CD0CE20080C0B1 /* Project object */;
}
